
Microsoft Visual Studio Solution File, Format Version 12.00
# Visual Studio Version 17
VisualStudioVersion = 17.9.34728.123
MinimumVisualStudioVersion = 10.0.40219.1
Project("{FAE04EC0-301F-11D3-BF4B-00C04F79EFBC}") = "Enoport", "Enoport.csproj", "{63F33063-3970-41ED-B9A3-9F587E0B2660}"
EndProject
Global
	GlobalSection(SolutionConfigurationPlatforms) = preSolution
		Debug|Any CPU = Debug|Any CPU
		Release|Any CPU = Release|Any CPU
	EndGlobalSection
	GlobalSection(ProjectConfigurationPlatforms) = postSolution
		{63F33063-3970-41ED-B9A3-9F587E0B2660}.Debug|Any CPU.ActiveCfg = Debug|Any CPU
		{63F33063-3970-41ED-B9A3-9F587E0B2660}.Debug|Any CPU.Build.0 = Debug|Any CPU
		{63F33063-3970-41ED-B9A3-9F587E0B2660}.Release|Any CPU.ActiveCfg = Release|Any CPU
		{63F33063-3970-41ED-B9A3-9F587E0B2660}.Release|Any CPU.Build.0 = Release|Any CPU
	EndGlobalSection
	GlobalSection(SolutionProperties) = preSolution
		HideSolutionNode = FALSE
	EndGlobalSection
	GlobalSection(ExtensibilityGlobals) = postSolution
		SolutionGuid = {7B8A2931-B622-4E13-948B-573941A9C649}
	EndGlobalSection
EndGlobal
